
Microsoft Visual Studio Solution File, Format Version 12.00
# Visual Studio Version 17
VisualStudioVersion = 17.14.36518.9 d17.14
MinimumVisualStudioVersion = 10.0.40219.1
Project("{FAE04EC0-301F-11D3-BF4B-00C04F79EFBC}") = "API Livraria", "API Livraria\API Livraria.csproj", "{414B79D3-0829-4B6F-A115-491D52E045B7}"
EndProject
Global
	GlobalSection(SolutionConfigurationPlatforms) = preSolution
		Debug|Any CPU = Debug|Any CPU
		Release|Any CPU = Release|Any CPU
	EndGlobalSection
	GlobalSection(ProjectConfigurationPlatforms) = postSolution
		{414B79D3-0829-4B6F-A115-491D52E045B7}.Debug|Any CPU.ActiveCfg = Debug|Any CPU
		{414B79D3-0829-4B6F-A115-491D52E045B7}.Debug|Any CPU.Build.0 = Debug|Any CPU
		{414B79D3-0829-4B6F-A115-491D52E045B7}.Release|Any CPU.ActiveCfg = Release|Any CPU
		{414B79D3-0829-4B6F-A115-491D52E045B7}.Release|Any CPU.Build.0 = Release|Any CPU
	EndGlobalSection
	GlobalSection(SolutionProperties) = preSolution
		HideSolutionNode = FALSE
	EndGlobalSection
	GlobalSection(ExtensibilityGlobals) = postSolution
		SolutionGuid = {22A4AFDC-7948-4067-A068-D4DBD2555465}
	EndGlobalSection
EndGlobal
